
Microsoft Visual Studio Solution File, Format Version 12.00
# Visual Studio 14
VisualStudioVersion = 14.0.25420.1
MinimumVisualStudioVersion = 10.0.40219.1
Project("{FAE04EC0-301F-11D3-BF4B-00C04F79EFBC}") = "TripDemo", "TripDemoProject\TripDemo.csproj", "{6D278F6A-F888-4D43-A58B-6B531C7596F6}"
EndProject
Project("{FAE04EC0-301F-11D3-BF4B-00C04F79EFBC}") = "TripDemoTests", "TripDemoTests\TripDemoTests.csproj", "{E4927F94-2D10-4038-A8A0-04CBCC8D6004}"
EndProject
Project("{2150E333-8FDC-42A3-9474-1A3956D46DE8}") = "Solution Items", "Solution Items", "{75BE6A47-5311-4D2E-BD07-D5B9ECFF6FBE}"
EndProject
Project("{2150E333-8FDC-42A3-9474-1A3956D46DE8}") = "Other", "Other", "{1F3D6080-42FF-4F0C-9DCE-1A0A0A97A336}"
	ProjectSection(SolutionItems) = preProject
		..\..\..\..\Documents\SQL Server Management Studio\SQLQuery.sql = ..\..\..\..\Documents\SQL Server Management Studio\SQLQuery.sql
	EndProjectSection
EndProject
Global
	GlobalSection(SolutionConfigurationPlatforms) = preSolution
		Debug|Any CPU = Debug|Any CPU
		Release|Any CPU = Release|Any CPU
	EndGlobalSection
	GlobalSection(ProjectConfigurationPlatforms) = postSolution
		{6D278F6A-F888-4D43-A58B-6B531C7596F6}.Debug|Any CPU.ActiveCfg = Debug|Any CPU
		{6D278F6A-F888-4D43-A58B-6B531C7596F6}.Debug|Any CPU.Build.0 = Debug|Any CPU
		{6D278F6A-F888-4D43-A58B-6B531C7596F6}.Release|Any CPU.ActiveCfg = Release|Any CPU
		{6D278F6A-F888-4D43-A58B-6B531C7596F6}.Release|Any CPU.Build.0 = Release|Any CPU
		{E4927F94-2D10-4038-A8A0-04CBCC8D6004}.Debug|Any CPU.ActiveCfg = Debug|Any CPU
		{E4927F94-2D10-4038-A8A0-04CBCC8D6004}.Debug|Any CPU.Build.0 = Debug|Any CPU
		{E4927F94-2D10-4038-A8A0-04CBCC8D6004}.Release|Any CPU.ActiveCfg = Release|Any CPU
		{E4927F94-2D10-4038-A8A0-04CBCC8D6004}.Release|Any CPU.Build.0 = Release|Any CPU
	EndGlobalSection
	GlobalSection(SolutionProperties) = preSolution
		HideSolutionNode = FALSE
	EndGlobalSection
EndGlobal
